
Microsoft Visual Studio Solution File, Format Version 12.00
# Visual Studio 15
VisualStudioVersion = 15.0.28307.421
MinimumVisualStudioVersion = 10.0.40219.1
Project("{8BC9CEB8-8B4A-11D0-8D11-00A0C91BC942}") = "ScratchEngine", "ScratchEngine\ScratchEngine.vcxproj", "{A1AEFB90-ED2E-4C13-B496-B59EC8445500}"
EndProject
Project("{8BC9CEB8-8B4A-11D0-8D11-00A0C91BC942}") = "ScratchEngineTest", "ScratchEngineTest\ScratchEngineTest.vcxproj", "{5EE18CC1-DFF1-4A92-978A-795FD4350DF8}"
EndProject
Global
	GlobalSection(SolutionConfigurationPlatforms) = preSolution
		Debug|x64 = Debug|x64
		Release|x64 = Release|x64
	EndGlobalSection
	GlobalSection(ProjectConfigurationPlatforms) = postSolution
		{A1AEFB90-ED2E-4C13-B496-B59EC8445500}.Debug|x64.ActiveCfg = Debug|x64
		{A1AEFB90-ED2E-4C13-B496-B59EC8445500}.Debug|x64.Build.0 = Debug|x64
		{A1AEFB90-ED2E-4C13-B496-B59EC8445500}.Release|x64.ActiveCfg = Release|x64
		{A1AEFB90-ED2E-4C13-B496-B59EC8445500}.Release|x64.Build.0 = Release|x64
		{5EE18CC1-DFF1-4A92-978A-795FD4350DF8}.Debug|x64.ActiveCfg = Debug|x64
		{5EE18CC1-DFF1-4A92-978A-795FD4350DF8}.Debug|x64.Build.0 = Debug|x64
		{5EE18CC1-DFF1-4A92-978A-795FD4350DF8}.Release|x64.ActiveCfg = Release|x64
		{5EE18CC1-DFF1-4A92-978A-795FD4350DF8}.Release|x64.Build.0 = Release|x64
	EndGlobalSection
	GlobalSection(SolutionProperties) = preSolution
		HideSolutionNode = FALSE
	EndGlobalSection
	GlobalSection(ExtensibilityGlobals) = postSolution
		SolutionGuid = {6442A35E-6382-40BE-BE6F-50DA128284B1}
	EndGlobalSection
EndGlobal
