<?xml version="1.0" encoding="utf-8"?>
<Project ToolsVersion="4.0" xmlns="http://schemas.microsoft.com/developer/msbuild/2003">
  <ItemGroup>
    <FxCompile Include="Rendering\Shaders\cubePS.hlsl">
      <Filter>Shader Files</Filter>
    </FxCompile>
    <FxCompile Include="Rendering\Shaders\cubeVS.hlsl">
      <Filter>Shader Files</Filter>
    </FxCompile>
    <FxCompile Include="Rendering\Shaders\PixelShader.hlsl">
      <Filter>Shader Files</Filter>
    </FxCompile>
    <FxCompile Include="Rendering\Shaders\PixelShaderPBR.hlsl">
      <Filter>Shader Files</Filter>
    </FxCompile>
    <FxCompile Include="Rendering\Shaders\VertexShader.hlsl">
      <Filter>Shader Files</Filter>
    </FxCompile>
    <FxCompile Include="Rendering\Shaders\VS_DepthOnly.hlsl">
      <Filter>Shader Files</Filter>
    </FxCompile>
    <FxCompile Include="Rendering\Shaders\VS_Skeleton.hlsl">
      <Filter>Shader Files</Filter>
    </FxCompile>
    <FxCompile Include="Rendering\Shaders\PS_BlinnPhong.hlsl">
      <Filter>Shader Files</Filter>
    </FxCompile>
    <FxCompile Include="Rendering\Shaders\PS_GBuffer.hlsl">
      <Filter>Shader Files</Filter>
    </FxCompile>
    <FxCompile Include="Rendering\Shaders\PS_CombinedDeferred.hlsl">
      <Filter>Shader Files</Filter>
    </FxCompile>
    <FxCompile Include="Rendering\Shaders\PS_DirectionalLight.hlsl">
      <Filter>Shader Files</Filter>
    </FxCompile>
    <FxCompile Include="Rendering\Shaders\PS_DirectionalLightPBR.hlsl">
      <Filter>Shader Files</Filter>
    </FxCompile>
    <FxCompile Include="Rendering\Shaders\PS_PointLight.hlsl">
      <Filter>Shader Files</Filter>
    </FxCompile>
    <FxCompile Include="Rendering\Shaders\PS_PointLightPBR.hlsl">
      <Filter>Shader Files</Filter>
    </FxCompile>
    <FxCompile Include="Rendering\Shaders\PS_Viewport.hlsl">
      <Filter>Shader Files</Filter>
    </FxCompile>
    <FxCompile Include="Rendering\Shaders\VS_DirectionalLight.hlsl">
      <Filter>Shader Files</Filter>
    </FxCompile>
    <FxCompile Include="Rendering\Shaders\VS_PointLight.hlsl">
      <Filter>Shader Files</Filter>
    </FxCompile>
    <FxCompile Include="Rendering\Shaders\VS_Viewport.hlsl">
      <Filter>Shader Files</Filter>
    </FxCompile>
    <FxCompile Include="Rendering\Shaders\PS_PointLightShadow.hlsl">
      <Filter>Shader Files</Filter>
    </FxCompile>
    <FxCompile Include="Rendering\Shaders\VS_PointLightShadow.hlsl">
      <Filter>Shader Files</Filter>
    </FxCompile>
    <FxCompile Include="Rendering\Shaders\PS_AmbientLight.hlsl">
      <Filter>Shader Files</Filter>
    </FxCompile>
    <FxCompile Include="Rendering\Shaders\VS_PositionOnly.hlsl">
      <Filter>Shader Files</Filter>
    </FxCompile>
    <FxCompile Include="Rendering\Shaders\PS_ShadowVolume.hlsl">
      <Filter>Shader Files</Filter>
    </FxCompile>
    <FxCompile Include="Rendering\Shaders\PS_SolidColor.hlsl">
      <Filter>Shader Files</Filter>
    </FxCompile>
    <FxCompile Include="Rendering\Shaders\PS_Skybox.hlsl">
      <Filter>Shader Files</Filter>
    </FxCompile>
    <FxCompile Include="Rendering\Shaders\VS_Skybox.hlsl">
      <Filter>Shader Files</Filter>
    </FxCompile>
  </ItemGroup>
  <ItemGroup>
    <ClCompile Include="Memory\DynamicPoolAllocator.hpp">
      <Filter>Header Files\Memory</Filter>
    </ClCompile>
    <ClCompile Include="dllmain.cpp">
      <Filter>Source Files</Filter>
    </ClCompile>
    <ClCompile Include="ScratchEngine.cpp">
      <Filter>Source Files</Filter>
    </ClCompile>
    <ClCompile Include="Multithreading\Barrier.cpp">
      <Filter>Source Files\Multithreading</Filter>
    </ClCompile>
    <ClCompile Include="Memory\BlockAllocator.cpp">
      <Filter>Source Files\Memory</Filter>
    </ClCompile>
    <ClCompile Include="Physics\BoundingVolume.cpp">
      <Filter>Source Files\Physics</Filter>
    </ClCompile>
    <ClCompile Include="Physics\Collision.cpp">
      <Filter>Source Files\Physics</Filter>
    </ClCompile>
    <ClCompile Include="Rendering\Material.cpp">
      <Filter>Source Files\Rendering</Filter>
    </ClCompile>
    <ClCompile Include="Rendering\Mesh.cpp">
      <Filter>Source Files\Rendering</Filter>
    </ClCompile>
    <ClCompile Include="Rendering\RenderingEngine.cpp">
      <Filter>Source Files\Rendering</Filter>
    </ClCompile>
    <ClCompile Include="Rendering\SimpleShader.cpp">
      <Filter>Source Files\Rendering</Filter>
    </ClCompile>
    <ClCompile Include="Core\DXCore.cpp">
      <Filter>Source Files\Core</Filter>
    </ClCompile>
    <ClCompile Include="Core\Game.cpp">
      <Filter>Source Files\Core</Filter>
    </ClCompile>
    <ClCompile Include="Core\GameComponent.cpp">
      <Filter>Source Files\Core</Filter>
    </ClCompile>
    <ClCompile Include="Core\GameObject.cpp">
      <Filter>Source Files\Core</Filter>
    </ClCompile>
    <ClCompile Include="Core\Global.cpp">
      <Filter>Source Files\Core</Filter>
    </ClCompile>
    <ClCompile Include="Core\Scene.cpp">
      <Filter>Source Files\Core</Filter>
    </ClCompile>
    <ClCompile Include="Core\Transform.cpp">
      <Filter>Source Files\Core</Filter>
    </ClCompile>
    <ClCompile Include="Physics\PhysicsEngine.cpp">
      <Filter>Source Files\Physics</Filter>
    </ClCompile>
    <ClCompile Include="Physics\RigidBody.cpp">
      <Filter>Source Files\Physics</Filter>
    </ClCompile>
    <ClCompile Include="Rendering\Texture.cpp">
      <Filter>Source Files\Rendering</Filter>
    </ClCompile>
    <ClCompile Include="Core\Camera.cpp">
      <Filter>Source Files\Core</Filter>
    </ClCompile>
    <ClCompile Include="Core\Light.cpp">
      <Filter>Source Files\Core</Filter>
    </ClCompile>
    <ClCompile Include="Core\Renderer.cpp">
      <Filter>Source Files\Core</Filter>
    </ClCompile>
    <ClCompile Include="Core\InputEvent.cpp">
      <Filter>Source Files\Core</Filter>
    </ClCompile>
    <ClCompile Include="Core\InputManager.cpp">
      <Filter>Source Files\Core</Filter>
    </ClCompile>
    <ClCompile Include="Animation\AnimationChannel.cpp">
      <Filter>Source Files\Animation</Filter>
    </ClCompile>
    <ClCompile Include="Animation\AnimationClip.cpp">
      <Filter>Source Files\Animation</Filter>
    </ClCompile>
    <ClCompile Include="Animation\AnimationEngine.cpp">
      <Filter>Source Files\Animation</Filter>
    </ClCompile>
    <ClCompile Include="Animation\Bone.cpp">
      <Filter>Source Files\Animation</Filter>
    </ClCompile>
    <ClCompile Include="Animation\Animator.cpp">
      <Filter>Source Files\Core</Filter>
    </ClCompile>
    <ClCompile Include="Rendering\Model.cpp">
      <Filter>Source Files\Rendering</Filter>
    </ClCompile>
    <ClCompile Include="Physics\Collider.cpp">
      <Filter>Source Files\Core</Filter>
    </ClCompile>
  </ItemGroup>
  <ItemGroup>
    <ClInclude Include="header.h">
      <Filter>Header Files</Filter>
    </ClInclude>
    <ClInclude Include="resource.h">
      <Filter>Header Files</Filter>
    </ClInclude>
    <ClInclude Include="targetver.h">
      <Filter>Header Files</Filter>
    </ClInclude>
    <ClInclude Include="Multithreading\Barrier.h">
      <Filter>Header Files\Multithreading</Filter>
    </ClInclude>
    <ClInclude Include="Memory\Allocator.h">
      <Filter>Header Files\Memory</Filter>
    </ClInclude>
    <ClInclude Include="Memory\Block.h">
      <Filter>Header Files\Memory</Filter>
    </ClInclude>
    <ClInclude Include="Memory\BlockAllocator.h">
      <Filter>Header Files\Memory</Filter>
    </ClInclude>
    <ClInclude Include="Physics\BoundingVolume.h">
      <Filter>Header Files\Physics</Filter>
    </ClInclude>
    <ClInclude Include="Physics\Collision.h">
      <Filter>Header Files\Physics</Filter>
    </ClInclude>
    <ClInclude Include="Core\DXCore.h">
      <Filter>Header Files\Core</Filter>
    </ClInclude>
    <ClInclude Include="Core\Game.h">
      <Filter>Header Files\Core</Filter>
    </ClInclude>
    <ClInclude Include="Core\GameObject.h">
      <Filter>Header Files\Core</Filter>
    </ClInclude>
    <ClInclude Include="Core\GameComponent.h">
      <Filter>Header Files\Core</Filter>
    </ClInclude>
    <ClInclude Include="Core\Global.h">
      <Filter>Header Files\Core</Filter>
    </ClInclude>
    <ClInclude Include="Physics\ICollisionCallback.h">
      <Filter>Header Files\Physics</Filter>
    </ClInclude>
    <ClInclude Include="Message\IMessageReceiver.h">
      <Filter>Header Files\Messaging</Filter>
    </ClInclude>
    <ClInclude Include="Core\IUpdatable.h">
      <Filter>Header Files\Core</Filter>
    </ClInclude>
    <ClInclude Include="Rendering\LightSource.h">
      <Filter>Header Files\Rendering</Filter>
    </ClInclude>
    <ClInclude Include="Rendering\Material.h">
      <Filter>Header Files\Rendering</Filter>
    </ClInclude>
    <ClInclude Include="Rendering\Mesh.h">
      <Filter>Header Files\Rendering</Filter>
    </ClInclude>
    <ClInclude Include="Common\LinkedList.hpp">
      <Filter>Header Files\Common</Filter>
    </ClInclude>
    <ClInclude Include="Message\Message.h">
      <Filter>Header Files\Messaging</Filter>
    </ClInclude>
    <ClInclude Include="Physics\PhysicsEngine.h">
      <Filter>Header Files\Physics</Filter>
    </ClInclude>
    <ClInclude Include="Memory\PoolAllocator.hpp">
      <Filter>Header Files\Memory</Filter>
    </ClInclude>
    <ClInclude Include="Rendering\Renderable.h">
      <Filter>Header Files\Rendering</Filter>
    </ClInclude>
    <ClInclude Include="Rendering\RenderingEngine.h">
      <Filter>Header Files\Rendering</Filter>
    </ClInclude>
    <ClInclude Include="Physics\RigidBody.h">
      <Filter>Header Files\Physics</Filter>
    </ClInclude>
    <ClInclude Include="Core\Scene.h">
      <Filter>Header Files\Core</Filter>
    </ClInclude>
    <ClInclude Include="Common\Settings.h">
      <Filter>Header Files\Common</Filter>
    </ClInclude>
    <ClInclude Include="Rendering\SimpleShader.h">
      <Filter>Header Files\Rendering</Filter>
    </ClInclude>
    <ClInclude Include="Common\Stack.hpp">
      <Filter>Header Files\Common</Filter>
    </ClInclude>
    <ClInclude Include="Memory\StackAllocator.hpp">
      <Filter>Header Files\Memory</Filter>
    </ClInclude>
    <ClInclude Include="Core\Transform.h">
      <Filter>Header Files\Core</Filter>
    </ClInclude>
    <ClInclude Include="Common\Typedefs.h">
      <Filter>Header Files\Common</Filter>
    </ClInclude>
    <ClInclude Include="Rendering\Vertex.h">
      <Filter>Header Files\Rendering</Filter>
    </ClInclude>
    <ClInclude Include="Rendering\Viewer.h">
      <Filter>Header Files\Rendering</Filter>
    </ClInclude>
    <ClInclude Include="Multithreading\WorkerThread.h">
      <Filter>Header Files\Multithreading</Filter>
    </ClInclude>
    <ClInclude Include="Physics\DynamicBVH.hpp">
      <Filter>Header Files\Physics</Filter>
    </ClInclude>
    <ClInclude Include="Physics\DynamicBVHNode.hpp">
      <Filter>Header Files\Physics</Filter>
    </ClInclude>
    <ClInclude Include="Rendering\Texture.h">
      <Filter>Header Files\Rendering</Filter>
    </ClInclude>
    <ClInclude Include="Core\Camera.h">
      <Filter>Header Files\Core</Filter>
    </ClInclude>
    <ClInclude Include="Core\Light.h">
      <Filter>Header Files\Core</Filter>
    </ClInclude>
    <ClInclude Include="Core\Renderer.h">
      <Filter>Header Files\Core</Filter>
    </ClInclude>
    <ClInclude Include="Rendering\prerequisites.h">
      <Filter>Header Files\Rendering</Filter>
    </ClInclude>
    <ClInclude Include="Core\Space.h">
      <Filter>Header Files\Core</Filter>
    </ClInclude>
    <ClInclude Include="Core\InputEvent.h">
      <Filter>Header Files\Core</Filter>
    </ClInclude>
    <ClInclude Include="Core\InputManager.h">
      <Filter>Header Files\Core</Filter>
    </ClInclude>
    <ClInclude Include="Core\IInputEventReceiver.h">
      <Filter>Header Files\Core</Filter>
    </ClInclude>
    <ClInclude Include="Animation\AnimationChannel.h">
      <Filter>Header Files\Animation</Filter>
    </ClInclude>
    <ClInclude Include="Animation\AnimationClip.h">
      <Filter>Header Files\Animation</Filter>
    </ClInclude>
    <ClInclude Include="Animation\AnimationEngine.h">
      <Filter>Header Files\Animation</Filter>
    </ClInclude>
    <ClInclude Include="Animation\Bone.h">
      <Filter>Header Files\Animation</Filter>
    </ClInclude>
    <ClInclude Include="Rendering\Model.h">
      <Filter>Header Files\Rendering</Filter>
    </ClInclude>
    <ClInclude Include="Physics\Collider.h">
      <Filter>Header Files\Core</Filter>
    </ClInclude>
    <ClInclude Include="Dummy.h">
      <Filter>Header Files</Filter>
    </ClInclude>
    <ClInclude Include="Mob.h">
      <Filter>Header Files\Core</Filter>
    </ClInclude>
    <ClInclude Include="Animation\Animator.h">
      <Filter>Header Files\Core</Filter>
    </ClInclude>
    <ClInclude Include="Common\LockFreeQueue.hpp">
      <Filter>Header Files\Common</Filter>
    </ClInclude>
  </ItemGroup>
  <ItemGroup>
    <None Include="packages.config" />
    <None Include="Rendering\Shaders\Lighting.hlsli">
      <Filter>Shader Files</Filter>
    </None>
    <None Include="Rendering\RenderingEngine.inl">
      <Filter>Source Files\Rendering</Filter>
    </None>
    <None Include="Rendering\Material.inl">
      <Filter>Source Files\Rendering</Filter>
    </None>
    <None Include="Rendering\Texture.inl">
      <Filter>Source Files\Rendering</Filter>
    </None>
  </ItemGroup>
  <ItemGroup>
    <Filter Include="Header Files">
      <UniqueIdentifier>{e6e5b526-d17f-4509-ba13-98a442a4a05a}</UniqueIdentifier>
      <Extensions>h;hh;hpp;hxx;hm;inl;inc;ipp;xsd</Extensions>
    </Filter>
    <Filter Include="Header Files\Core">
      <UniqueIdentifier>{265ce9a3-a6e8-4029-98ab-9ffd8b1a5969}</UniqueIdentifier>
    </Filter>
    <Filter Include="Header Files\Memory">
      <UniqueIdentifier>{ece4e3e2-43e7-4f34-a3c9-12975316b8d8}</UniqueIdentifier>
    </Filter>
    <Filter Include="Header Files\Common">
      <UniqueIdentifier>{15e25aa1-af4f-432b-9c06-6399abf0209f}</UniqueIdentifier>
    </Filter>
    <Filter Include="Header Files\Multithreading">
      <UniqueIdentifier>{e0d3b9a8-9ca2-4811-b505-3d98f3d242cc}</UniqueIdentifier>
    </Filter>
    <Filter Include="Header Files\Physics">
      <UniqueIdentifier>{19794582-cbfe-4387-9be2-ebc14a9cabf2}</UniqueIdentifier>
    </Filter>
    <Filter Include="Header Files\Rendering">
      <UniqueIdentifier>{38f1cea8-5ec9-4ce1-a03f-ae4625482e59}</UniqueIdentifier>
    </Filter>
    <Filter Include="Header Files\Messaging">
      <UniqueIdentifier>{d119a03d-0538-49d3-807a-e78b3142e542}</UniqueIdentifier>
    </Filter>
    <Filter Include="Shader Files">
      <UniqueIdentifier>{23db9b78-5fa5-48fc-ae1d-7b4c87aa4be3}</UniqueIdentifier>
      <Extensions>hlsl</Extensions>
    </Filter>
    <Filter Include="Resource Files">
      <UniqueIdentifier>{f9fd64f5-1254-4c10-ad25-847212378972}</UniqueIdentifier>
      <Extensions>rc;ico;cur;bmp;dlg;rc2;rct;bin;rgs;gif;jpg;jpeg;jpe;resx;tiff;tif;png;wav;mfcribbon-ms</Extensions>
    </Filter>
    <Filter Include="Source Files">
      <UniqueIdentifier>{d19aaf5c-9238-4ada-9609-87638194fb05}</UniqueIdentifier>
      <Extensions>cpp;c;cc;cxx;def;odl;idl;hpj;bat;asm;asmx</Extensions>
    </Filter>
    <Filter Include="Source Files\Common">
      <UniqueIdentifier>{2961f300-f517-481c-a99f-407d8d8343b0}</UniqueIdentifier>
    </Filter>
    <Filter Include="Source Files\Core">
      <UniqueIdentifier>{a2616437-e5d9-46ad-a016-0201f420a059}</UniqueIdentifier>
    </Filter>
    <Filter Include="Source Files\Memory">
      <UniqueIdentifier>{1344a9b3-a50a-4abc-9715-687a0c6d5470}</UniqueIdentifier>
    </Filter>
    <Filter Include="Source Files\Messaging">
      <UniqueIdentifier>{16dd5f42-ee8a-4163-a323-62c0676f7979}</UniqueIdentifier>
    </Filter>
    <Filter Include="Source Files\Multithreading">
      <UniqueIdentifier>{233109dc-6796-4831-971e-f50e835f3f81}</UniqueIdentifier>
    </Filter>
    <Filter Include="Source Files\Physics">
      <UniqueIdentifier>{3bd35ac9-3069-4964-b191-c63abb2db6df}</UniqueIdentifier>
    </Filter>
    <Filter Include="Source Files\Rendering">
      <UniqueIdentifier>{7a76a8bb-207a-4251-8450-d16846e6c3a9}</UniqueIdentifier>
    </Filter>
    <Filter Include="Header Files\Animation">
      <UniqueIdentifier>{b1bf2dc7-749c-42bd-b92b-07aadad3824a}</UniqueIdentifier>
    </Filter>
    <Filter Include="Source Files\Animation">
      <UniqueIdentifier>{2d3a9684-7570-4c48-871c-fd0a51b0b7ca}</UniqueIdentifier>
    </Filter>
  </ItemGroup>
  <ItemGroup>
    <ResourceCompile Include="ScratchEngine.rc">
      <Filter>Resource Files</Filter>
    </ResourceCompile>
  </ItemGroup>
</Project>