<?xml version="1.0" encoding="utf-8"?>
<Project ToolsVersion="4.0" xmlns="http://schemas.microsoft.com/developer/msbuild/2003">
  <ItemGroup>
    <Filter Include="Source Files">
      <UniqueIdentifier>{4FC737F1-C7A5-4376-A066-2A32D752A2FF}</UniqueIdentifier>
      <Extensions>cpp;c;cc;cxx;def;odl;idl;hpj;bat;asm;asmx</Extensions>
    </Filter>
    <Filter Include="Header Files">
      <UniqueIdentifier>{93995380-89BD-4b04-88EB-625FBE52EBFB}</UniqueIdentifier>
      <Extensions>h;hh;hpp;hxx;hm;inl;inc;ipp;xsd</Extensions>
    </Filter>
    <Filter Include="Resource Files">
      <UniqueIdentifier>{67DA6AB6-F800-4c08-8B7A-83BB121AAD01}</UniqueIdentifier>
      <Extensions>rc;ico;cur;bmp;dlg;rc2;rct;bin;rgs;gif;jpg;jpeg;jpe;resx;tiff;tif;png;wav;mfcribbon-ms</Extensions>
    </Filter>
    <Filter Include="Header Files\Memory">
      <UniqueIdentifier>{6e3130ed-4a3b-4ef8-8765-de047ae2a80a}</UniqueIdentifier>
    </Filter>
    <Filter Include="Header Files\Utility">
      <UniqueIdentifier>{4516fa08-4b69-484a-b224-384148546933}</UniqueIdentifier>
    </Filter>
    <Filter Include="Header Files\Physics">
      <UniqueIdentifier>{86e0a0f0-48c0-425b-aa95-7e26f3b1ed60}</UniqueIdentifier>
    </Filter>
    <Filter Include="Source Files\Memory">
      <UniqueIdentifier>{389b4f08-15da-4069-9b6b-6cf9c9e5e179}</UniqueIdentifier>
    </Filter>
    <Filter Include="Source Files\Utility">
      <UniqueIdentifier>{64c5053f-7f7a-4014-be43-fb29899c05c5}</UniqueIdentifier>
    </Filter>
    <Filter Include="Source Files\Physics">
      <UniqueIdentifier>{64006520-6566-4737-aacb-6e557cc41184}</UniqueIdentifier>
    </Filter>
    <Filter Include="Header Files\Message">
      <UniqueIdentifier>{d203a301-c4bf-4daa-bc1c-28f213c80ef2}</UniqueIdentifier>
    </Filter>
    <Filter Include="Source Files\Message">
      <UniqueIdentifier>{e4af0cac-be35-440d-b887-ed20070d9575}</UniqueIdentifier>
    </Filter>
    <Filter Include="Header Files\Core">
      <UniqueIdentifier>{27be1762-fee6-409e-8eea-192a13baa76b}</UniqueIdentifier>
    </Filter>
    <Filter Include="Source Files\Core">
      <UniqueIdentifier>{6cc4f91c-5a88-40f1-b2c8-327e4032b1e1}</UniqueIdentifier>
    </Filter>
  </ItemGroup>
  <ItemGroup>
    <ClInclude Include="header.h">
      <Filter>Header Files</Filter>
    </ClInclude>
    <ClInclude Include="targetver.h">
      <Filter>Header Files</Filter>
    </ClInclude>
    <ClInclude Include="Memory\Block.h">
      <Filter>Header Files\Memory</Filter>
    </ClInclude>
    <ClInclude Include="Memory\Pool.h">
      <Filter>Header Files\Memory</Filter>
    </ClInclude>
    <ClInclude Include="Memory\SimpleBlock.h">
      <Filter>Header Files\Memory</Filter>
    </ClInclude>
    <ClInclude Include="Physics\Physics.h">
      <Filter>Header Files\Physics</Filter>
    </ClInclude>
    <ClInclude Include="Utility\Typedefs.h">
      <Filter>Header Files\Utility</Filter>
    </ClInclude>
    <ClInclude Include="Message\IMessageReceiver.h">
      <Filter>Header Files\Message</Filter>
    </ClInclude>
    <ClInclude Include="Message\Message.h">
      <Filter>Header Files\Message</Filter>
    </ClInclude>
    <ClInclude Include="Core\Transform.h">
      <Filter>Header Files\Core</Filter>
    </ClInclude>
    <ClInclude Include="Core\GameComponent.h">
      <Filter>Header Files\Core</Filter>
    </ClInclude>
    <ClInclude Include="Core\GameObject.h">
      <Filter>Header Files\Core</Filter>
    </ClInclude>
    <ClInclude Include="Core\Scene.h">
      <Filter>Header Files\Core</Filter>
    </ClInclude>
    <ClInclude Include="Core\Space.h">
      <Filter>Header Files\Core</Filter>
    </ClInclude>
    <ClInclude Include="Physics\AxisAlignedBoundingBox.h">
      <Filter>Header Files\Physics</Filter>
    </ClInclude>
    <ClInclude Include="Physics\BoundingVolumeHierarchy.h">
      <Filter>Header Files\Physics</Filter>
    </ClInclude>
    <ClInclude Include="Physics\BoundingVolumeHierarchyNode.h">
      <Filter>Header Files\Physics</Filter>
    </ClInclude>
    <ClInclude Include="Physics\DynamicAABBTree.h">
      <Filter>Header Files\Physics</Filter>
    </ClInclude>
    <ClInclude Include="Physics\DynamicAABBTreeNode.h">
      <Filter>Header Files\Physics</Filter>
    </ClInclude>
    <ClInclude Include="Memory\Allocator.h">
      <Filter>Header Files\Memory</Filter>
    </ClInclude>
    <ClInclude Include="Memory\PoolAllocator.h">
      <Filter>Header Files\Memory</Filter>
    </ClInclude>
  </ItemGroup>
  <ItemGroup>
    <ClCompile Include="ScratchEngine.cpp">
      <Filter>Source Files</Filter>
    </ClCompile>
    <ClCompile Include="dllmain.cpp">
      <Filter>Source Files</Filter>
    </ClCompile>
    <ClCompile Include="Memory\Pool.cpp">
      <Filter>Source Files\Memory</Filter>
    </ClCompile>
    <ClCompile Include="Physics\Physics.cpp">
      <Filter>Source Files\Physics</Filter>
    </ClCompile>
    <ClCompile Include="Core\GameComponent.cpp">
      <Filter>Source Files\Core</Filter>
    </ClCompile>
    <ClCompile Include="Core\GameObject.cpp">
      <Filter>Source Files\Core</Filter>
    </ClCompile>
    <ClCompile Include="Core\Scene.cpp">
      <Filter>Source Files\Core</Filter>
    </ClCompile>
    <ClCompile Include="Core\Transform.cpp">
      <Filter>Source Files\Core</Filter>
    </ClCompile>
    <ClCompile Include="Physics\AxisAlignedBoundingBox.cpp">
      <Filter>Source Files\Physics</Filter>
    </ClCompile>
    <ClCompile Include="Physics\DynamicAABBTree.cpp">
      <Filter>Source Files\Physics</Filter>
    </ClCompile>
    <ClCompile Include="Physics\DynamicAABBTreeNode.cpp">
      <Filter>Source Files\Physics</Filter>
    </ClCompile>
    <ClCompile Include="Memory\DynamicPoolAllocator.h">
      <Filter>Header Files\Memory</Filter>
    </ClCompile>
  </ItemGroup>
</Project>